
Microsoft Visual Studio Solution File, Format Version 12.00
# Visual Studio 15
VisualStudioVersion = 15.0.27004.2009
MinimumVisualStudioVersion = 10.0.40219.1
Project("{9A19103F-16F7-4668-BE54-9A1E7A4F7556}") = "FederationSetup", "FedKeyPairGen\FederationSetup.csproj", "{E72E7605-B499-4078-ACD9-13BD6B052321}"
EndProject
Project("{9A19103F-16F7-4668-BE54-9A1E7A4F7556}") = "Stratis.FederatedPeg.Tests", "Stratis.FederatedPeg.Tests\Stratis.FederatedPeg.Tests.csproj", "{C08CA036-D47D-40CF-83E3-F09EF5EC7515}"
EndProject
Project("{9A19103F-16F7-4668-BE54-9A1E7A4F7556}") = "Stratis.FederatedPeg.Features.FederationGateway", "Stratis.FederatedPeg.Features.FederationGateway\Stratis.FederatedPeg.Features.FederationGateway.csproj", "{2B5A4BFC-1894-47E6-B66B-529A1E796ADF}"
EndProject
Project("{9A19103F-16F7-4668-BE54-9A1E7A4F7556}") = "Stratis.FederationGatewayD", "Stratis.FederationGatewayD\Stratis.FederationGatewayD.csproj", "{147DE180-A113-4E52-B542-B56B1F0276FB}"
EndProject
Project("{9A19103F-16F7-4668-BE54-9A1E7A4F7556}") = "Stratis.FederatedSidechains.Initialisation", "Stratis.FederatedSidechains.Initialisation\Stratis.FederatedSidechains.Initialisation.csproj", "{3526B5DB-8E08-445F-9DCE-65566491D94F}"
EndProject
Project("{9A19103F-16F7-4668-BE54-9A1E7A4F7556}") = "Stratis.FederatedSidechains.Initialisation.Tests", "Stratis.FederatedSidechains.Initialisation.Tests\Stratis.FederatedSidechains.Initialisation.Tests.csproj", "{3D106928-3A8E-4EB1-9F9A-45856DBAA16B}"
EndProject
Project("{9A19103F-16F7-4668-BE54-9A1E7A4F7556}") = "Stratis.SidechainD", "Stratis.SidechainD\Stratis.SidechainD.csproj", "{C3FF2EF8-50B6-43D8-AC78-BCFEBF7DE394}"
EndProject
Project("{9A19103F-16F7-4668-BE54-9A1E7A4F7556}") = "Stratis.Sidechains.Networks", "Stratis.Sidechains.Networks\Stratis.Sidechains.Networks.csproj", "{C5D390A9-1E08-47DE-BAAB-0AA9FC69CCC2}"
EndProject
Project("{2150E333-8FDC-42A3-9474-1A3956D46DE8}") = "Tests", "Tests", "{EEF9F276-23FB-4CC2-AF47-0E646EB2F6F1}"
EndProject
Project("{2150E333-8FDC-42A3-9474-1A3956D46DE8}") = "Sidechain Generation", "Sidechain Generation", "{4B9DEF95-A336-404B-908D-E1BFA1DB2DA9}"
EndProject
Project("{9A19103F-16F7-4668-BE54-9A1E7A4F7556}") = "Stratis.FederatedPeg.IntegrationTests", "Stratis.FederatedPeg.IntegrationTests\Stratis.FederatedPeg.IntegrationTests.csproj", "{A8CA48FA-A725-412D-9EC4-1BA7BA7177B2}"
EndProject
Project("{9A19103F-16F7-4668-BE54-9A1E7A4F7556}") = "Stratis.FederatedSidechains.AdminDashboard", "Stratis.FederatedSidechains.AdminDashboard\Stratis.FederatedSidechains.AdminDashboard.csproj", "{2D99612E-84FE-4D46-AB3C-B6A4C08828E9}"
EndProject
Project("{9A19103F-16F7-4668-BE54-9A1E7A4F7556}") = "Stratis.SidechainDnsD", "Stratis.SidechainDnsD\Stratis.SidechainDnsD.csproj", "{C6A25E69-CB21-464D-91D0-9C390849C62E}"
EndProject
Project("{9A19103F-16F7-4668-BE54-9A1E7A4F7556}") = "Stratis.FederatedPeg.IntegrationTests.Tools", "Stratis.FederatedPeg.IntegrationTests.Tools\Stratis.FederatedPeg.IntegrationTests.Tools.csproj", "{7764E567-47B8-481C-A078-7B3E427F217E}"
EndProject
Project("{9A19103F-16F7-4668-BE54-9A1E7A4F7556}") = "XUnitRetry", "XUnitRetry\XUnitRetry.csproj", "{512E5291-4A27-46AE-8AFC-9D04CCE0E63C}"
EndProject
Project("{FAE04EC0-301F-11D3-BF4B-00C04F79EFBC}") = "StratisFederationApp", "StratisFederationApp\StratisFederationApp.csproj", "{E4040D73-6D3B-4B0C-B12A-E5BCB64114F8}"
EndProject
Global
	GlobalSection(SolutionConfigurationPlatforms) = preSolution
		Ad-Hoc|Any CPU = Ad-Hoc|Any CPU
		Ad-Hoc|ARM = Ad-Hoc|ARM
		Ad-Hoc|iPhone = Ad-Hoc|iPhone
		Ad-Hoc|iPhoneSimulator = Ad-Hoc|iPhoneSimulator
		Ad-Hoc|x64 = Ad-Hoc|x64
		Ad-Hoc|x86 = Ad-Hoc|x86
		AppStore|Any CPU = AppStore|Any CPU
		AppStore|ARM = AppStore|ARM
		AppStore|iPhone = AppStore|iPhone
		AppStore|iPhoneSimulator = AppStore|iPhoneSimulator
		AppStore|x64 = AppStore|x64
		AppStore|x86 = AppStore|x86
		Debug|Any CPU = Debug|Any CPU
		Debug|ARM = Debug|ARM
		Debug|iPhone = Debug|iPhone
		Debug|iPhoneSimulator = Debug|iPhoneSimulator
		Debug|x64 = Debug|x64
		Debug|x86 = Debug|x86
		Release|Any CPU = Release|Any CPU
		Release|ARM = Release|ARM
		Release|iPhone = Release|iPhone
		Release|iPhoneSimulator = Release|iPhoneSimulator
		Release|x64 = Release|x64
		Release|x86 = Release|x86
	EndGlobalSection
	GlobalSection(ProjectConfigurationPlatforms) = postSolution
		{E72E7605-B499-4078-ACD9-13BD6B052321}.Ad-Hoc|Any CPU.ActiveCfg = Release|Any CPU
		{E72E7605-B499-4078-ACD9-13BD6B052321}.Ad-Hoc|Any CPU.Build.0 = Release|Any CPU
		{E72E7605-B499-4078-ACD9-13BD6B052321}.Ad-Hoc|ARM.ActiveCfg = Release|Any CPU
		{E72E7605-B499-4078-ACD9-13BD6B052321}.Ad-Hoc|ARM.Build.0 = Release|Any CPU
		{E72E7605-B499-4078-ACD9-13BD6B052321}.Ad-Hoc|iPhone.ActiveCfg = Release|Any CPU
		{E72E7605-B499-4078-ACD9-13BD6B052321}.Ad-Hoc|iPhone.Build.0 = Release|Any CPU
		{E72E7605-B499-4078-ACD9-13BD6B052321}.Ad-Hoc|iPhoneSimulator.ActiveCfg = Release|Any CPU
		{E72E7605-B499-4078-ACD9-13BD6B052321}.Ad-Hoc|iPhoneSimulator.Build.0 = Release|Any CPU
		{E72E7605-B499-4078-ACD9-13BD6B052321}.Ad-Hoc|x64.ActiveCfg = Release|Any CPU
		{E72E7605-B499-4078-ACD9-13BD6B052321}.Ad-Hoc|x64.Build.0 = Release|Any CPU
		{E72E7605-B499-4078-ACD9-13BD6B052321}.Ad-Hoc|x86.ActiveCfg = Release|Any CPU
		{E72E7605-B499-4078-ACD9-13BD6B052321}.Ad-Hoc|x86.Build.0 = Release|Any CPU
		{E72E7605-B499-4078-ACD9-13BD6B052321}.AppStore|Any CPU.ActiveCfg = Release|Any CPU
		{E72E7605-B499-4078-ACD9-13BD6B052321}.AppStore|Any CPU.Build.0 = Release|Any CPU
		{E72E7605-B499-4078-ACD9-13BD6B052321}.AppStore|ARM.ActiveCfg = Release|Any CPU
		{E72E7605-B499-4078-ACD9-13BD6B052321}.AppStore|ARM.Build.0 = Release|Any CPU
		{E72E7605-B499-4078-ACD9-13BD6B052321}.AppStore|iPhone.ActiveCfg = Release|Any CPU
		{E72E7605-B499-4078-ACD9-13BD6B052321}.AppStore|iPhone.Build.0 = Release|Any CPU
		{E72E7605-B499-4078-ACD9-13BD6B052321}.AppStore|iPhoneSimulator.ActiveCfg = Release|Any CPU
		{E72E7605-B499-4078-ACD9-13BD6B052321}.AppStore|iPhoneSimulator.Build.0 = Release|Any CPU
		{E72E7605-B499-4078-ACD9-13BD6B052321}.AppStore|x64.ActiveCfg = Release|Any CPU
		{E72E7605-B499-4078-ACD9-13BD6B052321}.AppStore|x64.Build.0 = Release|Any CPU
		{E72E7605-B499-4078-ACD9-13BD6B052321}.AppStore|x86.ActiveCfg = Release|Any CPU
		{E72E7605-B499-4078-ACD9-13BD6B052321}.AppStore|x86.Build.0 = Release|Any CPU
		{E72E7605-B499-4078-ACD9-13BD6B052321}.Debug|Any CPU.ActiveCfg = Debug|Any CPU
		{E72E7605-B499-4078-ACD9-13BD6B052321}.Debug|Any CPU.Build.0 = Debug|Any CPU
		{E72E7605-B499-4078-ACD9-13BD6B052321}.Debug|ARM.ActiveCfg = Debug|Any CPU
		{E72E7605-B499-4078-ACD9-13BD6B052321}.Debug|ARM.Build.0 = Debug|Any CPU
		{E72E7605-B499-4078-ACD9-13BD6B052321}.Debug|iPhone.ActiveCfg = Debug|Any CPU
		{E72E7605-B499-4078-ACD9-13BD6B052321}.Debug|iPhone.Build.0 = Debug|Any CPU
		{E72E7605-B499-4078-ACD9-13BD6B052321}.Debug|iPhoneSimulator.ActiveCfg = Debug|Any CPU
		{E72E7605-B499-4078-ACD9-13BD6B052321}.Debug|iPhoneSimulator.Build.0 = Debug|Any CPU
		{E72E7605-B499-4078-ACD9-13BD6B052321}.Debug|x64.ActiveCfg = Debug|Any CPU
		{E72E7605-B499-4078-ACD9-13BD6B052321}.Debug|x64.Build.0 = Debug|Any CPU
		{E72E7605-B499-4078-ACD9-13BD6B052321}.Debug|x86.ActiveCfg = Debug|Any CPU
		{E72E7605-B499-4078-ACD9-13BD6B052321}.Debug|x86.Build.0 = Debug|Any CPU
		{E72E7605-B499-4078-ACD9-13BD6B052321}.Release|Any CPU.ActiveCfg = Release|Any CPU
		{E72E7605-B499-4078-ACD9-13BD6B052321}.Release|Any CPU.Build.0 = Release|Any CPU
		{E72E7605-B499-4078-ACD9-13BD6B052321}.Release|ARM.ActiveCfg = Release|Any CPU
		{E72E7605-B499-4078-ACD9-13BD6B052321}.Release|ARM.Build.0 = Release|Any CPU
		{E72E7605-B499-4078-ACD9-13BD6B052321}.Release|iPhone.ActiveCfg = Release|Any CPU
		{E72E7605-B499-4078-ACD9-13BD6B052321}.Release|iPhone.Build.0 = Release|Any CPU
		{E72E7605-B499-4078-ACD9-13BD6B052321}.Release|iPhoneSimulator.ActiveCfg = Release|Any CPU
		{E72E7605-B499-4078-ACD9-13BD6B052321}.Release|iPhoneSimulator.Build.0 = Release|Any CPU
		{E72E7605-B499-4078-ACD9-13BD6B052321}.Release|x64.ActiveCfg = Release|Any CPU
		{E72E7605-B499-4078-ACD9-13BD6B052321}.Release|x64.Build.0 = Release|Any CPU
		{E72E7605-B499-4078-ACD9-13BD6B052321}.Release|x86.ActiveCfg = Release|Any CPU
		{E72E7605-B499-4078-ACD9-13BD6B052321}.Release|x86.Build.0 = Release|Any CPU
		{C08CA036-D47D-40CF-83E3-F09EF5EC7515}.Ad-Hoc|Any CPU.ActiveCfg = Release|Any CPU
		{C08CA036-D47D-40CF-83E3-F09EF5EC7515}.Ad-Hoc|Any CPU.Build.0 = Release|Any CPU
		{C08CA036-D47D-40CF-83E3-F09EF5EC7515}.Ad-Hoc|ARM.ActiveCfg = Release|Any CPU
		{C08CA036-D47D-40CF-83E3-F09EF5EC7515}.Ad-Hoc|ARM.Build.0 = Release|Any CPU
		{C08CA036-D47D-40CF-83E3-F09EF5EC7515}.Ad-Hoc|iPhone.ActiveCfg = Release|Any CPU
		{C08CA036-D47D-40CF-83E3-F09EF5EC7515}.Ad-Hoc|iPhone.Build.0 = Release|Any CPU
		{C08CA036-D47D-40CF-83E3-F09EF5EC7515}.Ad-Hoc|iPhoneSimulator.ActiveCfg = Release|Any CPU
		{C08CA036-D47D-40CF-83E3-F09EF5EC7515}.Ad-Hoc|iPhoneSimulator.Build.0 = Release|Any CPU
		{C08CA036-D47D-40CF-83E3-F09EF5EC7515}.Ad-Hoc|x64.ActiveCfg = Release|Any CPU
		{C08CA036-D47D-40CF-83E3-F09EF5EC7515}.Ad-Hoc|x64.Build.0 = Release|Any CPU
		{C08CA036-D47D-40CF-83E3-F09EF5EC7515}.Ad-Hoc|x86.ActiveCfg = Release|Any CPU
		{C08CA036-D47D-40CF-83E3-F09EF5EC7515}.Ad-Hoc|x86.Build.0 = Release|Any CPU
		{C08CA036-D47D-40CF-83E3-F09EF5EC7515}.AppStore|Any CPU.ActiveCfg = Release|Any CPU
		{C08CA036-D47D-40CF-83E3-F09EF5EC7515}.AppStore|Any CPU.Build.0 = Release|Any CPU
		{C08CA036-D47D-40CF-83E3-F09EF5EC7515}.AppStore|ARM.ActiveCfg = Release|Any CPU
		{C08CA036-D47D-40CF-83E3-F09EF5EC7515}.AppStore|ARM.Build.0 = Release|Any CPU
		{C08CA036-D47D-40CF-83E3-F09EF5EC7515}.AppStore|iPhone.ActiveCfg = Release|Any CPU
		{C08CA036-D47D-40CF-83E3-F09EF5EC7515}.AppStore|iPhone.Build.0 = Release|Any CPU
		{C08CA036-D47D-40CF-83E3-F09EF5EC7515}.AppStore|iPhoneSimulator.ActiveCfg = Release|Any CPU
		{C08CA036-D47D-40CF-83E3-F09EF5EC7515}.AppStore|iPhoneSimulator.Build.0 = Release|Any CPU
		{C08CA036-D47D-40CF-83E3-F09EF5EC7515}.AppStore|x64.ActiveCfg = Release|Any CPU
		{C08CA036-D47D-40CF-83E3-F09EF5EC7515}.AppStore|x64.Build.0 = Release|Any CPU
		{C08CA036-D47D-40CF-83E3-F09EF5EC7515}.AppStore|x86.ActiveCfg = Release|Any CPU
		{C08CA036-D47D-40CF-83E3-F09EF5EC7515}.AppStore|x86.Build.0 = Release|Any CPU
		{C08CA036-D47D-40CF-83E3-F09EF5EC7515}.Debug|Any CPU.ActiveCfg = Debug|Any CPU
		{C08CA036-D47D-40CF-83E3-F09EF5EC7515}.Debug|Any CPU.Build.0 = Debug|Any CPU
		{C08CA036-D47D-40CF-83E3-F09EF5EC7515}.Debug|ARM.ActiveCfg = Debug|Any CPU
		{C08CA036-D47D-40CF-83E3-F09EF5EC7515}.Debug|ARM.Build.0 = Debug|Any CPU
		{C08CA036-D47D-40CF-83E3-F09EF5EC7515}.Debug|iPhone.ActiveCfg = Debug|Any CPU
		{C08CA036-D47D-40CF-83E3-F09EF5EC7515}.Debug|iPhone.Build.0 = Debug|Any CPU
		{C08CA036-D47D-40CF-83E3-F09EF5EC7515}.Debug|iPhoneSimulator.ActiveCfg = Debug|Any CPU
		{C08CA036-D47D-40CF-83E3-F09EF5EC7515}.Debug|iPhoneSimulator.Build.0 = Debug|Any CPU
		{C08CA036-D47D-40CF-83E3-F09EF5EC7515}.Debug|x64.ActiveCfg = Debug|Any CPU
		{C08CA036-D47D-40CF-83E3-F09EF5EC7515}.Debug|x64.Build.0 = Debug|Any CPU
		{C08CA036-D47D-40CF-83E3-F09EF5EC7515}.Debug|x86.ActiveCfg = Debug|Any CPU
		{C08CA036-D47D-40CF-83E3-F09EF5EC7515}.Debug|x86.Build.0 = Debug|Any CPU
		{C08CA036-D47D-40CF-83E3-F09EF5EC7515}.Release|Any CPU.ActiveCfg = Release|Any CPU
		{C08CA036-D47D-40CF-83E3-F09EF5EC7515}.Release|Any CPU.Build.0 = Release|Any CPU
		{C08CA036-D47D-40CF-83E3-F09EF5EC7515}.Release|ARM.ActiveCfg = Release|Any CPU
		{C08CA036-D47D-40CF-83E3-F09EF5EC7515}.Release|ARM.Build.0 = Release|Any CPU
		{C08CA036-D47D-40CF-83E3-F09EF5EC7515}.Release|iPhone.ActiveCfg = Release|Any CPU
		{C08CA036-D47D-40CF-83E3-F09EF5EC7515}.Release|iPhone.Build.0 = Release|Any CPU
		{C08CA036-D47D-40CF-83E3-F09EF5EC7515}.Release|iPhoneSimulator.ActiveCfg = Release|Any CPU
		{C08CA036-D47D-40CF-83E3-F09EF5EC7515}.Release|iPhoneSimulator.Build.0 = Release|Any CPU
		{C08CA036-D47D-40CF-83E3-F09EF5EC7515}.Release|x64.ActiveCfg = Release|Any CPU
		{C08CA036-D47D-40CF-83E3-F09EF5EC7515}.Release|x64.Build.0 = Release|Any CPU
		{C08CA036-D47D-40CF-83E3-F09EF5EC7515}.Release|x86.ActiveCfg = Release|Any CPU
		{C08CA036-D47D-40CF-83E3-F09EF5EC7515}.Release|x86.Build.0 = Release|Any CPU
		{2B5A4BFC-1894-47E6-B66B-529A1E796ADF}.Ad-Hoc|Any CPU.ActiveCfg = Release|Any CPU
		{2B5A4BFC-1894-47E6-B66B-529A1E796ADF}.Ad-Hoc|Any CPU.Build.0 = Release|Any CPU
		{2B5A4BFC-1894-47E6-B66B-529A1E796ADF}.Ad-Hoc|ARM.ActiveCfg = Release|Any CPU
		{2B5A4BFC-1894-47E6-B66B-529A1E796ADF}.Ad-Hoc|ARM.Build.0 = Release|Any CPU
		{2B5A4BFC-1894-47E6-B66B-529A1E796ADF}.Ad-Hoc|iPhone.ActiveCfg = Release|Any CPU
		{2B5A4BFC-1894-47E6-B66B-529A1E796ADF}.Ad-Hoc|iPhone.Build.0 = Release|Any CPU
		{2B5A4BFC-1894-47E6-B66B-529A1E796ADF}.Ad-Hoc|iPhoneSimulator.ActiveCfg = Release|Any CPU
		{2B5A4BFC-1894-47E6-B66B-529A1E796ADF}.Ad-Hoc|iPhoneSimulator.Build.0 = Release|Any CPU
		{2B5A4BFC-1894-47E6-B66B-529A1E796ADF}.Ad-Hoc|x64.ActiveCfg = Release|Any CPU
		{2B5A4BFC-1894-47E6-B66B-529A1E796ADF}.Ad-Hoc|x64.Build.0 = Release|Any CPU
		{2B5A4BFC-1894-47E6-B66B-529A1E796ADF}.Ad-Hoc|x86.ActiveCfg = Release|Any CPU
		{2B5A4BFC-1894-47E6-B66B-529A1E796ADF}.Ad-Hoc|x86.Build.0 = Release|Any CPU
		{2B5A4BFC-1894-47E6-B66B-529A1E796ADF}.AppStore|Any CPU.ActiveCfg = Release|Any CPU
		{2B5A4BFC-1894-47E6-B66B-529A1E796ADF}.AppStore|Any CPU.Build.0 = Release|Any CPU
		{2B5A4BFC-1894-47E6-B66B-529A1E796ADF}.AppStore|ARM.ActiveCfg = Release|Any CPU
		{2B5A4BFC-1894-47E6-B66B-529A1E796ADF}.AppStore|ARM.Build.0 = Release|Any CPU
		{2B5A4BFC-1894-47E6-B66B-529A1E796ADF}.AppStore|iPhone.ActiveCfg = Release|Any CPU
		{2B5A4BFC-1894-47E6-B66B-529A1E796ADF}.AppStore|iPhone.Build.0 = Release|Any CPU
		{2B5A4BFC-1894-47E6-B66B-529A1E796ADF}.AppStore|iPhoneSimulator.ActiveCfg = Release|Any CPU
		{2B5A4BFC-1894-47E6-B66B-529A1E796ADF}.AppStore|iPhoneSimulator.Build.0 = Release|Any CPU
		{2B5A4BFC-1894-47E6-B66B-529A1E796ADF}.AppStore|x64.ActiveCfg = Release|Any CPU
		{2B5A4BFC-1894-47E6-B66B-529A1E796ADF}.AppStore|x64.Build.0 = Release|Any CPU
		{2B5A4BFC-1894-47E6-B66B-529A1E796ADF}.AppStore|x86.ActiveCfg = Release|Any CPU
		{2B5A4BFC-1894-47E6-B66B-529A1E796ADF}.AppStore|x86.Build.0 = Release|Any CPU
		{2B5A4BFC-1894-47E6-B66B-529A1E796ADF}.Debug|Any CPU.ActiveCfg = Debug|Any CPU
		{2B5A4BFC-1894-47E6-B66B-529A1E796ADF}.Debug|Any CPU.Build.0 = Debug|Any CPU
		{2B5A4BFC-1894-47E6-B66B-529A1E796ADF}.Debug|ARM.ActiveCfg = Debug|Any CPU
		{2B5A4BFC-1894-47E6-B66B-529A1E796ADF}.Debug|ARM.Build.0 = Debug|Any CPU
		{2B5A4BFC-1894-47E6-B66B-529A1E796ADF}.Debug|iPhone.ActiveCfg = Debug|Any CPU
		{2B5A4BFC-1894-47E6-B66B-529A1E796ADF}.Debug|iPhone.Build.0 = Debug|Any CPU
		{2B5A4BFC-1894-47E6-B66B-529A1E796ADF}.Debug|iPhoneSimulator.ActiveCfg = Debug|Any CPU
		{2B5A4BFC-1894-47E6-B66B-529A1E796ADF}.Debug|iPhoneSimulator.Build.0 = Debug|Any CPU
		{2B5A4BFC-1894-47E6-B66B-529A1E796ADF}.Debug|x64.ActiveCfg = Debug|Any CPU
		{2B5A4BFC-1894-47E6-B66B-529A1E796ADF}.Debug|x64.Build.0 = Debug|Any CPU
		{2B5A4BFC-1894-47E6-B66B-529A1E796ADF}.Debug|x86.ActiveCfg = Debug|Any CPU
		{2B5A4BFC-1894-47E6-B66B-529A1E796ADF}.Debug|x86.Build.0 = Debug|Any CPU
		{2B5A4BFC-1894-47E6-B66B-529A1E796ADF}.Release|Any CPU.ActiveCfg = Release|Any CPU
		{2B5A4BFC-1894-47E6-B66B-529A1E796ADF}.Release|Any CPU.Build.0 = Release|Any CPU
		{2B5A4BFC-1894-47E6-B66B-529A1E796ADF}.Release|ARM.ActiveCfg = Release|Any CPU
		{2B5A4BFC-1894-47E6-B66B-529A1E796ADF}.Release|ARM.Build.0 = Release|Any CPU
		{2B5A4BFC-1894-47E6-B66B-529A1E796ADF}.Release|iPhone.ActiveCfg = Release|Any CPU
		{2B5A4BFC-1894-47E6-B66B-529A1E796ADF}.Release|iPhone.Build.0 = Release|Any CPU
		{2B5A4BFC-1894-47E6-B66B-529A1E796ADF}.Release|iPhoneSimulator.ActiveCfg = Release|Any CPU
		{2B5A4BFC-1894-47E6-B66B-529A1E796ADF}.Release|iPhoneSimulator.Build.0 = Release|Any CPU
		{2B5A4BFC-1894-47E6-B66B-529A1E796ADF}.Release|x64.ActiveCfg = Release|Any CPU
		{2B5A4BFC-1894-47E6-B66B-529A1E796ADF}.Release|x64.Build.0 = Release|Any CPU
		{2B5A4BFC-1894-47E6-B66B-529A1E796ADF}.Release|x86.ActiveCfg = Release|Any CPU
		{2B5A4BFC-1894-47E6-B66B-529A1E796ADF}.Release|x86.Build.0 = Release|Any CPU
		{147DE180-A113-4E52-B542-B56B1F0276FB}.Ad-Hoc|Any CPU.ActiveCfg = Release|Any CPU
		{147DE180-A113-4E52-B542-B56B1F0276FB}.Ad-Hoc|Any CPU.Build.0 = Release|Any CPU
		{147DE180-A113-4E52-B542-B56B1F0276FB}.Ad-Hoc|ARM.ActiveCfg = Release|Any CPU
		{147DE180-A113-4E52-B542-B56B1F0276FB}.Ad-Hoc|ARM.Build.0 = Release|Any CPU
		{147DE180-A113-4E52-B542-B56B1F0276FB}.Ad-Hoc|iPhone.ActiveCfg = Release|Any CPU
		{147DE180-A113-4E52-B542-B56B1F0276FB}.Ad-Hoc|iPhone.Build.0 = Release|Any CPU
		{147DE180-A113-4E52-B542-B56B1F0276FB}.Ad-Hoc|iPhoneSimulator.ActiveCfg = Release|Any CPU
		{147DE180-A113-4E52-B542-B56B1F0276FB}.Ad-Hoc|iPhoneSimulator.Build.0 = Release|Any CPU
		{147DE180-A113-4E52-B542-B56B1F0276FB}.Ad-Hoc|x64.ActiveCfg = Release|Any CPU
		{147DE180-A113-4E52-B542-B56B1F0276FB}.Ad-Hoc|x64.Build.0 = Release|Any CPU
		{147DE180-A113-4E52-B542-B56B1F0276FB}.Ad-Hoc|x86.ActiveCfg = Release|Any CPU
		{147DE180-A113-4E52-B542-B56B1F0276FB}.Ad-Hoc|x86.Build.0 = Release|Any CPU
		{147DE180-A113-4E52-B542-B56B1F0276FB}.AppStore|Any CPU.ActiveCfg = Release|Any CPU
		{147DE180-A113-4E52-B542-B56B1F0276FB}.AppStore|Any CPU.Build.0 = Release|Any CPU
		{147DE180-A113-4E52-B542-B56B1F0276FB}.AppStore|ARM.ActiveCfg = Release|Any CPU
		{147DE180-A113-4E52-B542-B56B1F0276FB}.AppStore|ARM.Build.0 = Release|Any CPU
		{147DE180-A113-4E52-B542-B56B1F0276FB}.AppStore|iPhone.ActiveCfg = Release|Any CPU
		{147DE180-A113-4E52-B542-B56B1F0276FB}.AppStore|iPhone.Build.0 = Release|Any CPU
		{147DE180-A113-4E52-B542-B56B1F0276FB}.AppStore|iPhoneSimulator.ActiveCfg = Release|Any CPU
		{147DE180-A113-4E52-B542-B56B1F0276FB}.AppStore|iPhoneSimulator.Build.0 = Release|Any CPU
		{147DE180-A113-4E52-B542-B56B1F0276FB}.AppStore|x64.ActiveCfg = Release|Any CPU
		{147DE180-A113-4E52-B542-B56B1F0276FB}.AppStore|x64.Build.0 = Release|Any CPU
		{147DE180-A113-4E52-B542-B56B1F0276FB}.AppStore|x86.ActiveCfg = Release|Any CPU
		{147DE180-A113-4E52-B542-B56B1F0276FB}.AppStore|x86.Build.0 = Release|Any CPU
		{147DE180-A113-4E52-B542-B56B1F0276FB}.Debug|Any CPU.ActiveCfg = Debug|Any CPU
		{147DE180-A113-4E52-B542-B56B1F0276FB}.Debug|Any CPU.Build.0 = Debug|Any CPU
		{147DE180-A113-4E52-B542-B56B1F0276FB}.Debug|ARM.ActiveCfg = Debug|Any CPU
		{147DE180-A113-4E52-B542-B56B1F0276FB}.Debug|ARM.Build.0 = Debug|Any CPU
		{147DE180-A113-4E52-B542-B56B1F0276FB}.Debug|iPhone.ActiveCfg = Debug|Any CPU
		{147DE180-A113-4E52-B542-B56B1F0276FB}.Debug|iPhone.Build.0 = Debug|Any CPU
		{147DE180-A113-4E52-B542-B56B1F0276FB}.Debug|iPhoneSimulator.ActiveCfg = Debug|Any CPU
		{147DE180-A113-4E52-B542-B56B1F0276FB}.Debug|iPhoneSimulator.Build.0 = Debug|Any CPU
		{147DE180-A113-4E52-B542-B56B1F0276FB}.Debug|x64.ActiveCfg = Debug|Any CPU
		{147DE180-A113-4E52-B542-B56B1F0276FB}.Debug|x64.Build.0 = Debug|Any CPU
		{147DE180-A113-4E52-B542-B56B1F0276FB}.Debug|x86.ActiveCfg = Debug|Any CPU
		{147DE180-A113-4E52-B542-B56B1F0276FB}.Debug|x86.Build.0 = Debug|Any CPU
		{147DE180-A113-4E52-B542-B56B1F0276FB}.Release|Any CPU.ActiveCfg = Release|Any CPU
		{147DE180-A113-4E52-B542-B56B1F0276FB}.Release|Any CPU.Build.0 = Release|Any CPU
		{147DE180-A113-4E52-B542-B56B1F0276FB}.Release|ARM.ActiveCfg = Release|Any CPU
		{147DE180-A113-4E52-B542-B56B1F0276FB}.Release|ARM.Build.0 = Release|Any CPU
		{147DE180-A113-4E52-B542-B56B1F0276FB}.Release|iPhone.ActiveCfg = Release|Any CPU
		{147DE180-A113-4E52-B542-B56B1F0276FB}.Release|iPhone.Build.0 = Release|Any CPU
		{147DE180-A113-4E52-B542-B56B1F0276FB}.Release|iPhoneSimulator.ActiveCfg = Release|Any CPU
		{147DE180-A113-4E52-B542-B56B1F0276FB}.Release|iPhoneSimulator.Build.0 = Release|Any CPU
		{147DE180-A113-4E52-B542-B56B1F0276FB}.Release|x64.ActiveCfg = Release|Any CPU
		{147DE180-A113-4E52-B542-B56B1F0276FB}.Release|x64.Build.0 = Release|Any CPU
		{147DE180-A113-4E52-B542-B56B1F0276FB}.Release|x86.ActiveCfg = Release|Any CPU
		{147DE180-A113-4E52-B542-B56B1F0276FB}.Release|x86.Build.0 = Release|Any CPU
		{3526B5DB-8E08-445F-9DCE-65566491D94F}.Ad-Hoc|Any CPU.ActiveCfg = Release|Any CPU
		{3526B5DB-8E08-445F-9DCE-65566491D94F}.Ad-Hoc|Any CPU.Build.0 = Release|Any CPU
		{3526B5DB-8E08-445F-9DCE-65566491D94F}.Ad-Hoc|ARM.ActiveCfg = Release|Any CPU
		{3526B5DB-8E08-445F-9DCE-65566491D94F}.Ad-Hoc|ARM.Build.0 = Release|Any CPU
		{3526B5DB-8E08-445F-9DCE-65566491D94F}.Ad-Hoc|iPhone.ActiveCfg = Release|Any CPU
		{3526B5DB-8E08-445F-9DCE-65566491D94F}.Ad-Hoc|iPhone.Build.0 = Release|Any CPU
		{3526B5DB-8E08-445F-9DCE-65566491D94F}.Ad-Hoc|iPhoneSimulator.ActiveCfg = Release|Any CPU
		{3526B5DB-8E08-445F-9DCE-65566491D94F}.Ad-Hoc|iPhoneSimulator.Build.0 = Release|Any CPU
		{3526B5DB-8E08-445F-9DCE-65566491D94F}.Ad-Hoc|x64.ActiveCfg = Release|Any CPU
		{3526B5DB-8E08-445F-9DCE-65566491D94F}.Ad-Hoc|x64.Build.0 = Release|Any CPU
		{3526B5DB-8E08-445F-9DCE-65566491D94F}.Ad-Hoc|x86.ActiveCfg = Release|Any CPU
		{3526B5DB-8E08-445F-9DCE-65566491D94F}.Ad-Hoc|x86.Build.0 = Release|Any CPU
		{3526B5DB-8E08-445F-9DCE-65566491D94F}.AppStore|Any CPU.ActiveCfg = Release|Any CPU
		{3526B5DB-8E08-445F-9DCE-65566491D94F}.AppStore|Any CPU.Build.0 = Release|Any CPU
		{3526B5DB-8E08-445F-9DCE-65566491D94F}.AppStore|ARM.ActiveCfg = Release|Any CPU
		{3526B5DB-8E08-445F-9DCE-65566491D94F}.AppStore|ARM.Build.0 = Release|Any CPU
		{3526B5DB-8E08-445F-9DCE-65566491D94F}.AppStore|iPhone.ActiveCfg = Release|Any CPU
		{3526B5DB-8E08-445F-9DCE-65566491D94F}.AppStore|iPhone.Build.0 = Release|Any CPU
		{3526B5DB-8E08-445F-9DCE-65566491D94F}.AppStore|iPhoneSimulator.ActiveCfg = Release|Any CPU
		{3526B5DB-8E08-445F-9DCE-65566491D94F}.AppStore|iPhoneSimulator.Build.0 = Release|Any CPU
		{3526B5DB-8E08-445F-9DCE-65566491D94F}.AppStore|x64.ActiveCfg = Release|Any CPU
		{3526B5DB-8E08-445F-9DCE-65566491D94F}.AppStore|x64.Build.0 = Release|Any CPU
		{3526B5DB-8E08-445F-9DCE-65566491D94F}.AppStore|x86.ActiveCfg = Release|Any CPU
		{3526B5DB-8E08-445F-9DCE-65566491D94F}.AppStore|x86.Build.0 = Release|Any CPU
		{3526B5DB-8E08-445F-9DCE-65566491D94F}.Debug|Any CPU.ActiveCfg = Debug|Any CPU
		{3526B5DB-8E08-445F-9DCE-65566491D94F}.Debug|Any CPU.Build.0 = Debug|Any CPU
		{3526B5DB-8E08-445F-9DCE-65566491D94F}.Debug|ARM.ActiveCfg = Debug|Any CPU
		{3526B5DB-8E08-445F-9DCE-65566491D94F}.Debug|ARM.Build.0 = Debug|Any CPU
		{3526B5DB-8E08-445F-9DCE-65566491D94F}.Debug|iPhone.ActiveCfg = Debug|Any CPU
		{3526B5DB-8E08-445F-9DCE-65566491D94F}.Debug|iPhone.Build.0 = Debug|Any CPU
		{3526B5DB-8E08-445F-9DCE-65566491D94F}.Debug|iPhoneSimulator.ActiveCfg = Debug|Any CPU
		{3526B5DB-8E08-445F-9DCE-65566491D94F}.Debug|iPhoneSimulator.Build.0 = Debug|Any CPU
		{3526B5DB-8E08-445F-9DCE-65566491D94F}.Debug|x64.ActiveCfg = Debug|Any CPU
		{3526B5DB-8E08-445F-9DCE-65566491D94F}.Debug|x64.Build.0 = Debug|Any CPU
		{3526B5DB-8E08-445F-9DCE-65566491D94F}.Debug|x86.ActiveCfg = Debug|Any CPU
		{3526B5DB-8E08-445F-9DCE-65566491D94F}.Debug|x86.Build.0 = Debug|Any CPU
		{3526B5DB-8E08-445F-9DCE-65566491D94F}.Release|Any CPU.ActiveCfg = Release|Any CPU
		{3526B5DB-8E08-445F-9DCE-65566491D94F}.Release|Any CPU.Build.0 = Release|Any CPU
		{3526B5DB-8E08-445F-9DCE-65566491D94F}.Release|ARM.ActiveCfg = Release|Any CPU
		{3526B5DB-8E08-445F-9DCE-65566491D94F}.Release|ARM.Build.0 = Release|Any CPU
		{3526B5DB-8E08-445F-9DCE-65566491D94F}.Release|iPhone.ActiveCfg = Release|Any CPU
		{3526B5DB-8E08-445F-9DCE-65566491D94F}.Release|iPhone.Build.0 = Release|Any CPU
		{3526B5DB-8E08-445F-9DCE-65566491D94F}.Release|iPhoneSimulator.ActiveCfg = Release|Any CPU
		{3526B5DB-8E08-445F-9DCE-65566491D94F}.Release|iPhoneSimulator.Build.0 = Release|Any CPU
		{3526B5DB-8E08-445F-9DCE-65566491D94F}.Release|x64.ActiveCfg = Release|Any CPU
		{3526B5DB-8E08-445F-9DCE-65566491D94F}.Release|x64.Build.0 = Release|Any CPU
		{3526B5DB-8E08-445F-9DCE-65566491D94F}.Release|x86.ActiveCfg = Release|Any CPU
		{3526B5DB-8E08-445F-9DCE-65566491D94F}.Release|x86.Build.0 = Release|Any CPU
		{3D106928-3A8E-4EB1-9F9A-45856DBAA16B}.Ad-Hoc|Any CPU.ActiveCfg = Release|Any CPU
		{3D106928-3A8E-4EB1-9F9A-45856DBAA16B}.Ad-Hoc|Any CPU.Build.0 = Release|Any CPU
		{3D106928-3A8E-4EB1-9F9A-45856DBAA16B}.Ad-Hoc|ARM.ActiveCfg = Release|Any CPU
		{3D106928-3A8E-4EB1-9F9A-45856DBAA16B}.Ad-Hoc|ARM.Build.0 = Release|Any CPU
		{3D106928-3A8E-4EB1-9F9A-45856DBAA16B}.Ad-Hoc|iPhone.ActiveCfg = Release|Any CPU
		{3D106928-3A8E-4EB1-9F9A-45856DBAA16B}.Ad-Hoc|iPhone.Build.0 = Release|Any CPU
		{3D106928-3A8E-4EB1-9F9A-45856DBAA16B}.Ad-Hoc|iPhoneSimulator.ActiveCfg = Release|Any CPU
		{3D106928-3A8E-4EB1-9F9A-45856DBAA16B}.Ad-Hoc|iPhoneSimulator.Build.0 = Release|Any CPU
		{3D106928-3A8E-4EB1-9F9A-45856DBAA16B}.Ad-Hoc|x64.ActiveCfg = Release|Any CPU
		{3D106928-3A8E-4EB1-9F9A-45856DBAA16B}.Ad-Hoc|x64.Build.0 = Release|Any CPU
		{3D106928-3A8E-4EB1-9F9A-45856DBAA16B}.Ad-Hoc|x86.ActiveCfg = Release|Any CPU
		{3D106928-3A8E-4EB1-9F9A-45856DBAA16B}.Ad-Hoc|x86.Build.0 = Release|Any CPU
		{3D106928-3A8E-4EB1-9F9A-45856DBAA16B}.AppStore|Any CPU.ActiveCfg = Release|Any CPU
		{3D106928-3A8E-4EB1-9F9A-45856DBAA16B}.AppStore|Any CPU.Build.0 = Release|Any CPU
		{3D106928-3A8E-4EB1-9F9A-45856DBAA16B}.AppStore|ARM.ActiveCfg = Release|Any CPU
		{3D106928-3A8E-4EB1-9F9A-45856DBAA16B}.AppStore|ARM.Build.0 = Release|Any CPU
		{3D106928-3A8E-4EB1-9F9A-45856DBAA16B}.AppStore|iPhone.ActiveCfg = Release|Any CPU
		{3D106928-3A8E-4EB1-9F9A-45856DBAA16B}.AppStore|iPhone.Build.0 = Release|Any CPU
		{3D106928-3A8E-4EB1-9F9A-45856DBAA16B}.AppStore|iPhoneSimulator.ActiveCfg = Release|Any CPU
		{3D106928-3A8E-4EB1-9F9A-45856DBAA16B}.AppStore|iPhoneSimulator.Build.0 = Release|Any CPU
		{3D106928-3A8E-4EB1-9F9A-45856DBAA16B}.AppStore|x64.ActiveCfg = Release|Any CPU
		{3D106928-3A8E-4EB1-9F9A-45856DBAA16B}.AppStore|x64.Build.0 = Release|Any CPU
		{3D106928-3A8E-4EB1-9F9A-45856DBAA16B}.AppStore|x86.ActiveCfg = Release|Any CPU
		{3D106928-3A8E-4EB1-9F9A-45856DBAA16B}.AppStore|x86.Build.0 = Release|Any CPU
		{3D106928-3A8E-4EB1-9F9A-45856DBAA16B}.Debug|Any CPU.ActiveCfg = Debug|Any CPU
		{3D106928-3A8E-4EB1-9F9A-45856DBAA16B}.Debug|Any CPU.Build.0 = Debug|Any CPU
		{3D106928-3A8E-4EB1-9F9A-45856DBAA16B}.Debug|ARM.ActiveCfg = Debug|Any CPU
		{3D106928-3A8E-4EB1-9F9A-45856DBAA16B}.Debug|ARM.Build.0 = Debug|Any CPU
		{3D106928-3A8E-4EB1-9F9A-45856DBAA16B}.Debug|iPhone.ActiveCfg = Debug|Any CPU
		{3D106928-3A8E-4EB1-9F9A-45856DBAA16B}.Debug|iPhone.Build.0 = Debug|Any CPU
		{3D106928-3A8E-4EB1-9F9A-45856DBAA16B}.Debug|iPhoneSimulator.ActiveCfg = Debug|Any CPU
		{3D106928-3A8E-4EB1-9F9A-45856DBAA16B}.Debug|iPhoneSimulator.Build.0 = Debug|Any CPU
		{3D106928-3A8E-4EB1-9F9A-45856DBAA16B}.Debug|x64.ActiveCfg = Debug|Any CPU
		{3D106928-3A8E-4EB1-9F9A-45856DBAA16B}.Debug|x64.Build.0 = Debug|Any CPU
		{3D106928-3A8E-4EB1-9F9A-45856DBAA16B}.Debug|x86.ActiveCfg = Debug|Any CPU
		{3D106928-3A8E-4EB1-9F9A-45856DBAA16B}.Debug|x86.Build.0 = Debug|Any CPU
		{3D106928-3A8E-4EB1-9F9A-45856DBAA16B}.Release|Any CPU.ActiveCfg = Release|Any CPU
		{3D106928-3A8E-4EB1-9F9A-45856DBAA16B}.Release|Any CPU.Build.0 = Release|Any CPU
		{3D106928-3A8E-4EB1-9F9A-45856DBAA16B}.Release|ARM.ActiveCfg = Release|Any CPU
		{3D106928-3A8E-4EB1-9F9A-45856DBAA16B}.Release|ARM.Build.0 = Release|Any CPU
		{3D106928-3A8E-4EB1-9F9A-45856DBAA16B}.Release|iPhone.ActiveCfg = Release|Any CPU
		{3D106928-3A8E-4EB1-9F9A-45856DBAA16B}.Release|iPhone.Build.0 = Release|Any CPU
		{3D106928-3A8E-4EB1-9F9A-45856DBAA16B}.Release|iPhoneSimulator.ActiveCfg = Release|Any CPU
		{3D106928-3A8E-4EB1-9F9A-45856DBAA16B}.Release|iPhoneSimulator.Build.0 = Release|Any CPU
		{3D106928-3A8E-4EB1-9F9A-45856DBAA16B}.Release|x64.ActiveCfg = Release|Any CPU
		{3D106928-3A8E-4EB1-9F9A-45856DBAA16B}.Release|x64.Build.0 = Release|Any CPU
		{3D106928-3A8E-4EB1-9F9A-45856DBAA16B}.Release|x86.ActiveCfg = Release|Any CPU
		{3D106928-3A8E-4EB1-9F9A-45856DBAA16B}.Release|x86.Build.0 = Release|Any CPU
		{C3FF2EF8-50B6-43D8-AC78-BCFEBF7DE394}.Ad-Hoc|Any CPU.ActiveCfg = Release|Any CPU
		{C3FF2EF8-50B6-43D8-AC78-BCFEBF7DE394}.Ad-Hoc|Any CPU.Build.0 = Release|Any CPU
		{C3FF2EF8-50B6-43D8-AC78-BCFEBF7DE394}.Ad-Hoc|ARM.ActiveCfg = Release|Any CPU
		{C3FF2EF8-50B6-43D8-AC78-BCFEBF7DE394}.Ad-Hoc|ARM.Build.0 = Release|Any CPU
		{C3FF2EF8-50B6-43D8-AC78-BCFEBF7DE394}.Ad-Hoc|iPhone.ActiveCfg = Release|Any CPU
		{C3FF2EF8-50B6-43D8-AC78-BCFEBF7DE394}.Ad-Hoc|iPhone.Build.0 = Release|Any CPU
		{C3FF2EF8-50B6-43D8-AC78-BCFEBF7DE394}.Ad-Hoc|iPhoneSimulator.ActiveCfg = Release|Any CPU
		{C3FF2EF8-50B6-43D8-AC78-BCFEBF7DE394}.Ad-Hoc|iPhoneSimulator.Build.0 = Release|Any CPU
		{C3FF2EF8-50B6-43D8-AC78-BCFEBF7DE394}.Ad-Hoc|x64.ActiveCfg = Release|Any CPU
		{C3FF2EF8-50B6-43D8-AC78-BCFEBF7DE394}.Ad-Hoc|x64.Build.0 = Release|Any CPU
		{C3FF2EF8-50B6-43D8-AC78-BCFEBF7DE394}.Ad-Hoc|x86.ActiveCfg = Release|Any CPU
		{C3FF2EF8-50B6-43D8-AC78-BCFEBF7DE394}.Ad-Hoc|x86.Build.0 = Release|Any CPU
		{C3FF2EF8-50B6-43D8-AC78-BCFEBF7DE394}.AppStore|Any CPU.ActiveCfg = Release|Any CPU
		{C3FF2EF8-50B6-43D8-AC78-BCFEBF7DE394}.AppStore|Any CPU.Build.0 = Release|Any CPU
		{C3FF2EF8-50B6-43D8-AC78-BCFEBF7DE394}.AppStore|ARM.ActiveCfg = Release|Any CPU
		{C3FF2EF8-50B6-43D8-AC78-BCFEBF7DE394}.AppStore|ARM.Build.0 = Release|Any CPU
		{C3FF2EF8-50B6-43D8-AC78-BCFEBF7DE394}.AppStore|iPhone.ActiveCfg = Release|Any CPU
		{C3FF2EF8-50B6-43D8-AC78-BCFEBF7DE394}.AppStore|iPhone.Build.0 = Release|Any CPU
		{C3FF2EF8-50B6-43D8-AC78-BCFEBF7DE394}.AppStore|iPhoneSimulator.ActiveCfg = Release|Any CPU
		{C3FF2EF8-50B6-43D8-AC78-BCFEBF7DE394}.AppStore|iPhoneSimulator.Build.0 = Release|Any CPU
		{C3FF2EF8-50B6-43D8-AC78-BCFEBF7DE394}.AppStore|x64.ActiveCfg = Release|Any CPU
		{C3FF2EF8-50B6-43D8-AC78-BCFEBF7DE394}.AppStore|x64.Build.0 = Release|Any CPU
		{C3FF2EF8-50B6-43D8-AC78-BCFEBF7DE394}.AppStore|x86.ActiveCfg = Release|Any CPU
		{C3FF2EF8-50B6-43D8-AC78-BCFEBF7DE394}.AppStore|x86.Build.0 = Release|Any CPU
		{C3FF2EF8-50B6-43D8-AC78-BCFEBF7DE394}.Debug|Any CPU.ActiveCfg = Debug|Any CPU
		{C3FF2EF8-50B6-43D8-AC78-BCFEBF7DE394}.Debug|Any CPU.Build.0 = Debug|Any CPU
		{C3FF2EF8-50B6-43D8-AC78-BCFEBF7DE394}.Debug|ARM.ActiveCfg = Debug|Any CPU
		{C3FF2EF8-50B6-43D8-AC78-BCFEBF7DE394}.Debug|ARM.Build.0 = Debug|Any CPU
		{C3FF2EF8-50B6-43D8-AC78-BCFEBF7DE394}.Debug|iPhone.ActiveCfg = Debug|Any CPU
		{C3FF2EF8-50B6-43D8-AC78-BCFEBF7DE394}.Debug|iPhone.Build.0 = Debug|Any CPU
		{C3FF2EF8-50B6-43D8-AC78-BCFEBF7DE394}.Debug|iPhoneSimulator.ActiveCfg = Debug|Any CPU
		{C3FF2EF8-50B6-43D8-AC78-BCFEBF7DE394}.Debug|iPhoneSimulator.Build.0 = Debug|Any CPU
		{C3FF2EF8-50B6-43D8-AC78-BCFEBF7DE394}.Debug|x64.ActiveCfg = Debug|Any CPU
		{C3FF2EF8-50B6-43D8-AC78-BCFEBF7DE394}.Debug|x64.Build.0 = Debug|Any CPU
		{C3FF2EF8-50B6-43D8-AC78-BCFEBF7DE394}.Debug|x86.ActiveCfg = Debug|Any CPU
		{C3FF2EF8-50B6-43D8-AC78-BCFEBF7DE394}.Debug|x86.Build.0 = Debug|Any CPU
		{C3FF2EF8-50B6-43D8-AC78-BCFEBF7DE394}.Release|Any CPU.ActiveCfg = Release|Any CPU
		{C3FF2EF8-50B6-43D8-AC78-BCFEBF7DE394}.Release|Any CPU.Build.0 = Release|Any CPU
		{C3FF2EF8-50B6-43D8-AC78-BCFEBF7DE394}.Release|ARM.ActiveCfg = Release|Any CPU
		{C3FF2EF8-50B6-43D8-AC78-BCFEBF7DE394}.Release|ARM.Build.0 = Release|Any CPU
		{C3FF2EF8-50B6-43D8-AC78-BCFEBF7DE394}.Release|iPhone.ActiveCfg = Release|Any CPU
		{C3FF2EF8-50B6-43D8-AC78-BCFEBF7DE394}.Release|iPhone.Build.0 = Release|Any CPU
		{C3FF2EF8-50B6-43D8-AC78-BCFEBF7DE394}.Release|iPhoneSimulator.ActiveCfg = Release|Any CPU
		{C3FF2EF8-50B6-43D8-AC78-BCFEBF7DE394}.Release|iPhoneSimulator.Build.0 = Release|Any CPU
		{C3FF2EF8-50B6-43D8-AC78-BCFEBF7DE394}.Release|x64.ActiveCfg = Release|Any CPU
		{C3FF2EF8-50B6-43D8-AC78-BCFEBF7DE394}.Release|x64.Build.0 = Release|Any CPU
		{C3FF2EF8-50B6-43D8-AC78-BCFEBF7DE394}.Release|x86.ActiveCfg = Release|Any CPU
		{C3FF2EF8-50B6-43D8-AC78-BCFEBF7DE394}.Release|x86.Build.0 = Release|Any CPU
		{C5D390A9-1E08-47DE-BAAB-0AA9FC69CCC2}.Ad-Hoc|Any CPU.ActiveCfg = Release|Any CPU
		{C5D390A9-1E08-47DE-BAAB-0AA9FC69CCC2}.Ad-Hoc|Any CPU.Build.0 = Release|Any CPU
		{C5D390A9-1E08-47DE-BAAB-0AA9FC69CCC2}.Ad-Hoc|ARM.ActiveCfg = Release|Any CPU
		{C5D390A9-1E08-47DE-BAAB-0AA9FC69CCC2}.Ad-Hoc|ARM.Build.0 = Release|Any CPU
		{C5D390A9-1E08-47DE-BAAB-0AA9FC69CCC2}.Ad-Hoc|iPhone.ActiveCfg = Release|Any CPU
		{C5D390A9-1E08-47DE-BAAB-0AA9FC69CCC2}.Ad-Hoc|iPhone.Build.0 = Release|Any CPU
		{C5D390A9-1E08-47DE-BAAB-0AA9FC69CCC2}.Ad-Hoc|iPhoneSimulator.ActiveCfg = Release|Any CPU
		{C5D390A9-1E08-47DE-BAAB-0AA9FC69CCC2}.Ad-Hoc|iPhoneSimulator.Build.0 = Release|Any CPU
		{C5D390A9-1E08-47DE-BAAB-0AA9FC69CCC2}.Ad-Hoc|x64.ActiveCfg = Release|Any CPU
		{C5D390A9-1E08-47DE-BAAB-0AA9FC69CCC2}.Ad-Hoc|x64.Build.0 = Release|Any CPU
		{C5D390A9-1E08-47DE-BAAB-0AA9FC69CCC2}.Ad-Hoc|x86.ActiveCfg = Release|Any CPU
		{C5D390A9-1E08-47DE-BAAB-0AA9FC69CCC2}.Ad-Hoc|x86.Build.0 = Release|Any CPU
		{C5D390A9-1E08-47DE-BAAB-0AA9FC69CCC2}.AppStore|Any CPU.ActiveCfg = Release|Any CPU
		{C5D390A9-1E08-47DE-BAAB-0AA9FC69CCC2}.AppStore|Any CPU.Build.0 = Release|Any CPU
		{C5D390A9-1E08-47DE-BAAB-0AA9FC69CCC2}.AppStore|ARM.ActiveCfg = Release|Any CPU
		{C5D390A9-1E08-47DE-BAAB-0AA9FC69CCC2}.AppStore|ARM.Build.0 = Release|Any CPU
		{C5D390A9-1E08-47DE-BAAB-0AA9FC69CCC2}.AppStore|iPhone.ActiveCfg = Release|Any CPU
		{C5D390A9-1E08-47DE-BAAB-0AA9FC69CCC2}.AppStore|iPhone.Build.0 = Release|Any CPU
		{C5D390A9-1E08-47DE-BAAB-0AA9FC69CCC2}.AppStore|iPhoneSimulator.ActiveCfg = Release|Any CPU
		{C5D390A9-1E08-47DE-BAAB-0AA9FC69CCC2}.AppStore|iPhoneSimulator.Build.0 = Release|Any CPU
		{C5D390A9-1E08-47DE-BAAB-0AA9FC69CCC2}.AppStore|x64.ActiveCfg = Release|Any CPU
		{C5D390A9-1E08-47DE-BAAB-0AA9FC69CCC2}.AppStore|x64.Build.0 = Release|Any CPU
		{C5D390A9-1E08-47DE-BAAB-0AA9FC69CCC2}.AppStore|x86.ActiveCfg = Release|Any CPU
		{C5D390A9-1E08-47DE-BAAB-0AA9FC69CCC2}.AppStore|x86.Build.0 = Release|Any CPU
		{C5D390A9-1E08-47DE-BAAB-0AA9FC69CCC2}.Debug|Any CPU.ActiveCfg = Debug|Any CPU
		{C5D390A9-1E08-47DE-BAAB-0AA9FC69CCC2}.Debug|Any CPU.Build.0 = Debug|Any CPU
		{C5D390A9-1E08-47DE-BAAB-0AA9FC69CCC2}.Debug|ARM.ActiveCfg = Debug|Any CPU
		{C5D390A9-1E08-47DE-BAAB-0AA9FC69CCC2}.Debug|ARM.Build.0 = Debug|Any CPU
		{C5D390A9-1E08-47DE-BAAB-0AA9FC69CCC2}.Debug|iPhone.ActiveCfg = Debug|Any CPU
		{C5D390A9-1E08-47DE-BAAB-0AA9FC69CCC2}.Debug|iPhone.Build.0 = Debug|Any CPU
		{C5D390A9-1E08-47DE-BAAB-0AA9FC69CCC2}.Debug|iPhoneSimulator.ActiveCfg = Debug|Any CPU
		{C5D390A9-1E08-47DE-BAAB-0AA9FC69CCC2}.Debug|iPhoneSimulator.Build.0 = Debug|Any CPU
		{C5D390A9-1E08-47DE-BAAB-0AA9FC69CCC2}.Debug|x64.ActiveCfg = Debug|Any CPU
		{C5D390A9-1E08-47DE-BAAB-0AA9FC69CCC2}.Debug|x64.Build.0 = Debug|Any CPU
		{C5D390A9-1E08-47DE-BAAB-0AA9FC69CCC2}.Debug|x86.ActiveCfg = Debug|Any CPU
		{C5D390A9-1E08-47DE-BAAB-0AA9FC69CCC2}.Debug|x86.Build.0 = Debug|Any CPU
		{C5D390A9-1E08-47DE-BAAB-0AA9FC69CCC2}.Release|Any CPU.ActiveCfg = Release|Any CPU
		{C5D390A9-1E08-47DE-BAAB-0AA9FC69CCC2}.Release|Any CPU.Build.0 = Release|Any CPU
		{C5D390A9-1E08-47DE-BAAB-0AA9FC69CCC2}.Release|ARM.ActiveCfg = Release|Any CPU
		{C5D390A9-1E08-47DE-BAAB-0AA9FC69CCC2}.Release|ARM.Build.0 = Release|Any CPU
		{C5D390A9-1E08-47DE-BAAB-0AA9FC69CCC2}.Release|iPhone.ActiveCfg = Release|Any CPU
		{C5D390A9-1E08-47DE-BAAB-0AA9FC69CCC2}.Release|iPhone.Build.0 = Release|Any CPU
		{C5D390A9-1E08-47DE-BAAB-0AA9FC69CCC2}.Release|iPhoneSimulator.ActiveCfg = Release|Any CPU
		{C5D390A9-1E08-47DE-BAAB-0AA9FC69CCC2}.Release|iPhoneSimulator.Build.0 = Release|Any CPU
		{C5D390A9-1E08-47DE-BAAB-0AA9FC69CCC2}.Release|x64.ActiveCfg = Release|Any CPU
		{C5D390A9-1E08-47DE-BAAB-0AA9FC69CCC2}.Release|x64.Build.0 = Release|Any CPU
		{C5D390A9-1E08-47DE-BAAB-0AA9FC69CCC2}.Release|x86.ActiveCfg = Release|Any CPU
		{C5D390A9-1E08-47DE-BAAB-0AA9FC69CCC2}.Release|x86.Build.0 = Release|Any CPU
		{A8CA48FA-A725-412D-9EC4-1BA7BA7177B2}.Ad-Hoc|Any CPU.ActiveCfg = Release|Any CPU
		{A8CA48FA-A725-412D-9EC4-1BA7BA7177B2}.Ad-Hoc|Any CPU.Build.0 = Release|Any CPU
		{A8CA48FA-A725-412D-9EC4-1BA7BA7177B2}.Ad-Hoc|ARM.ActiveCfg = Release|Any CPU
		{A8CA48FA-A725-412D-9EC4-1BA7BA7177B2}.Ad-Hoc|ARM.Build.0 = Release|Any CPU
		{A8CA48FA-A725-412D-9EC4-1BA7BA7177B2}.Ad-Hoc|iPhone.ActiveCfg = Release|Any CPU
		{A8CA48FA-A725-412D-9EC4-1BA7BA7177B2}.Ad-Hoc|iPhone.Build.0 = Release|Any CPU
		{A8CA48FA-A725-412D-9EC4-1BA7BA7177B2}.Ad-Hoc|iPhoneSimulator.ActiveCfg = Release|Any CPU
		{A8CA48FA-A725-412D-9EC4-1BA7BA7177B2}.Ad-Hoc|iPhoneSimulator.Build.0 = Release|Any CPU
		{A8CA48FA-A725-412D-9EC4-1BA7BA7177B2}.Ad-Hoc|x64.ActiveCfg = Release|Any CPU
		{A8CA48FA-A725-412D-9EC4-1BA7BA7177B2}.Ad-Hoc|x64.Build.0 = Release|Any CPU
		{A8CA48FA-A725-412D-9EC4-1BA7BA7177B2}.Ad-Hoc|x86.ActiveCfg = Release|Any CPU
		{A8CA48FA-A725-412D-9EC4-1BA7BA7177B2}.Ad-Hoc|x86.Build.0 = Release|Any CPU
		{A8CA48FA-A725-412D-9EC4-1BA7BA7177B2}.AppStore|Any CPU.ActiveCfg = Release|Any CPU
		{A8CA48FA-A725-412D-9EC4-1BA7BA7177B2}.AppStore|Any CPU.Build.0 = Release|Any CPU
		{A8CA48FA-A725-412D-9EC4-1BA7BA7177B2}.AppStore|ARM.ActiveCfg = Release|Any CPU
		{A8CA48FA-A725-412D-9EC4-1BA7BA7177B2}.AppStore|ARM.Build.0 = Release|Any CPU
		{A8CA48FA-A725-412D-9EC4-1BA7BA7177B2}.AppStore|iPhone.ActiveCfg = Release|Any CPU
		{A8CA48FA-A725-412D-9EC4-1BA7BA7177B2}.AppStore|iPhone.Build.0 = Release|Any CPU
		{A8CA48FA-A725-412D-9EC4-1BA7BA7177B2}.AppStore|iPhoneSimulator.ActiveCfg = Release|Any CPU
		{A8CA48FA-A725-412D-9EC4-1BA7BA7177B2}.AppStore|iPhoneSimulator.Build.0 = Release|Any CPU
		{A8CA48FA-A725-412D-9EC4-1BA7BA7177B2}.AppStore|x64.ActiveCfg = Release|Any CPU
		{A8CA48FA-A725-412D-9EC4-1BA7BA7177B2}.AppStore|x64.Build.0 = Release|Any CPU
		{A8CA48FA-A725-412D-9EC4-1BA7BA7177B2}.AppStore|x86.ActiveCfg = Release|Any CPU
		{A8CA48FA-A725-412D-9EC4-1BA7BA7177B2}.AppStore|x86.Build.0 = Release|Any CPU
		{A8CA48FA-A725-412D-9EC4-1BA7BA7177B2}.Debug|Any CPU.ActiveCfg = Debug|Any CPU
		{A8CA48FA-A725-412D-9EC4-1BA7BA7177B2}.Debug|Any CPU.Build.0 = Debug|Any CPU
		{A8CA48FA-A725-412D-9EC4-1BA7BA7177B2}.Debug|ARM.ActiveCfg = Debug|Any CPU
		{A8CA48FA-A725-412D-9EC4-1BA7BA7177B2}.Debug|ARM.Build.0 = Debug|Any CPU
		{A8CA48FA-A725-412D-9EC4-1BA7BA7177B2}.Debug|iPhone.ActiveCfg = Debug|Any CPU
		{A8CA48FA-A725-412D-9EC4-1BA7BA7177B2}.Debug|iPhone.Build.0 = Debug|Any CPU
		{A8CA48FA-A725-412D-9EC4-1BA7BA7177B2}.Debug|iPhoneSimulator.ActiveCfg = Debug|Any CPU
		{A8CA48FA-A725-412D-9EC4-1BA7BA7177B2}.Debug|iPhoneSimulator.Build.0 = Debug|Any CPU
		{A8CA48FA-A725-412D-9EC4-1BA7BA7177B2}.Debug|x64.ActiveCfg = Debug|Any CPU
		{A8CA48FA-A725-412D-9EC4-1BA7BA7177B2}.Debug|x64.Build.0 = Debug|Any CPU
		{A8CA48FA-A725-412D-9EC4-1BA7BA7177B2}.Debug|x86.ActiveCfg = Debug|Any CPU
		{A8CA48FA-A725-412D-9EC4-1BA7BA7177B2}.Debug|x86.Build.0 = Debug|Any CPU
		{A8CA48FA-A725-412D-9EC4-1BA7BA7177B2}.Release|Any CPU.ActiveCfg = Release|Any CPU
		{A8CA48FA-A725-412D-9EC4-1BA7BA7177B2}.Release|Any CPU.Build.0 = Release|Any CPU
		{A8CA48FA-A725-412D-9EC4-1BA7BA7177B2}.Release|ARM.ActiveCfg = Release|Any CPU
		{A8CA48FA-A725-412D-9EC4-1BA7BA7177B2}.Release|ARM.Build.0 = Release|Any CPU
		{A8CA48FA-A725-412D-9EC4-1BA7BA7177B2}.Release|iPhone.ActiveCfg = Release|Any CPU
		{A8CA48FA-A725-412D-9EC4-1BA7BA7177B2}.Release|iPhone.Build.0 = Release|Any CPU
		{A8CA48FA-A725-412D-9EC4-1BA7BA7177B2}.Release|iPhoneSimulator.ActiveCfg = Release|Any CPU
		{A8CA48FA-A725-412D-9EC4-1BA7BA7177B2}.Release|iPhoneSimulator.Build.0 = Release|Any CPU
		{A8CA48FA-A725-412D-9EC4-1BA7BA7177B2}.Release|x64.ActiveCfg = Release|Any CPU
		{A8CA48FA-A725-412D-9EC4-1BA7BA7177B2}.Release|x64.Build.0 = Release|Any CPU
		{A8CA48FA-A725-412D-9EC4-1BA7BA7177B2}.Release|x86.ActiveCfg = Release|Any CPU
		{A8CA48FA-A725-412D-9EC4-1BA7BA7177B2}.Release|x86.Build.0 = Release|Any CPU
		{2D99612E-84FE-4D46-AB3C-B6A4C08828E9}.Ad-Hoc|Any CPU.ActiveCfg = Release|Any CPU
		{2D99612E-84FE-4D46-AB3C-B6A4C08828E9}.Ad-Hoc|Any CPU.Build.0 = Release|Any CPU
		{2D99612E-84FE-4D46-AB3C-B6A4C08828E9}.Ad-Hoc|ARM.ActiveCfg = Release|Any CPU
		{2D99612E-84FE-4D46-AB3C-B6A4C08828E9}.Ad-Hoc|ARM.Build.0 = Release|Any CPU
		{2D99612E-84FE-4D46-AB3C-B6A4C08828E9}.Ad-Hoc|iPhone.ActiveCfg = Release|Any CPU
		{2D99612E-84FE-4D46-AB3C-B6A4C08828E9}.Ad-Hoc|iPhone.Build.0 = Release|Any CPU
		{2D99612E-84FE-4D46-AB3C-B6A4C08828E9}.Ad-Hoc|iPhoneSimulator.ActiveCfg = Release|Any CPU
		{2D99612E-84FE-4D46-AB3C-B6A4C08828E9}.Ad-Hoc|iPhoneSimulator.Build.0 = Release|Any CPU
		{2D99612E-84FE-4D46-AB3C-B6A4C08828E9}.Ad-Hoc|x64.ActiveCfg = Release|Any CPU
		{2D99612E-84FE-4D46-AB3C-B6A4C08828E9}.Ad-Hoc|x64.Build.0 = Release|Any CPU
		{2D99612E-84FE-4D46-AB3C-B6A4C08828E9}.Ad-Hoc|x86.ActiveCfg = Release|Any CPU
		{2D99612E-84FE-4D46-AB3C-B6A4C08828E9}.Ad-Hoc|x86.Build.0 = Release|Any CPU
		{2D99612E-84FE-4D46-AB3C-B6A4C08828E9}.AppStore|Any CPU.ActiveCfg = Release|Any CPU
		{2D99612E-84FE-4D46-AB3C-B6A4C08828E9}.AppStore|Any CPU.Build.0 = Release|Any CPU
		{2D99612E-84FE-4D46-AB3C-B6A4C08828E9}.AppStore|ARM.ActiveCfg = Release|Any CPU
		{2D99612E-84FE-4D46-AB3C-B6A4C08828E9}.AppStore|ARM.Build.0 = Release|Any CPU
		{2D99612E-84FE-4D46-AB3C-B6A4C08828E9}.AppStore|iPhone.ActiveCfg = Release|Any CPU
		{2D99612E-84FE-4D46-AB3C-B6A4C08828E9}.AppStore|iPhone.Build.0 = Release|Any CPU
		{2D99612E-84FE-4D46-AB3C-B6A4C08828E9}.AppStore|iPhoneSimulator.ActiveCfg = Release|Any CPU
		{2D99612E-84FE-4D46-AB3C-B6A4C08828E9}.AppStore|iPhoneSimulator.Build.0 = Release|Any CPU
		{2D99612E-84FE-4D46-AB3C-B6A4C08828E9}.AppStore|x64.ActiveCfg = Release|Any CPU
		{2D99612E-84FE-4D46-AB3C-B6A4C08828E9}.AppStore|x64.Build.0 = Release|Any CPU
		{2D99612E-84FE-4D46-AB3C-B6A4C08828E9}.AppStore|x86.ActiveCfg = Release|Any CPU
		{2D99612E-84FE-4D46-AB3C-B6A4C08828E9}.AppStore|x86.Build.0 = Release|Any CPU
		{2D99612E-84FE-4D46-AB3C-B6A4C08828E9}.Debug|Any CPU.ActiveCfg = Debug|Any CPU
		{2D99612E-84FE-4D46-AB3C-B6A4C08828E9}.Debug|Any CPU.Build.0 = Debug|Any CPU
		{2D99612E-84FE-4D46-AB3C-B6A4C08828E9}.Debug|ARM.ActiveCfg = Debug|Any CPU
		{2D99612E-84FE-4D46-AB3C-B6A4C08828E9}.Debug|ARM.Build.0 = Debug|Any CPU
		{2D99612E-84FE-4D46-AB3C-B6A4C08828E9}.Debug|iPhone.ActiveCfg = Debug|Any CPU
		{2D99612E-84FE-4D46-AB3C-B6A4C08828E9}.Debug|iPhone.Build.0 = Debug|Any CPU
		{2D99612E-84FE-4D46-AB3C-B6A4C08828E9}.Debug|iPhoneSimulator.ActiveCfg = Debug|Any CPU
		{2D99612E-84FE-4D46-AB3C-B6A4C08828E9}.Debug|iPhoneSimulator.Build.0 = Debug|Any CPU
		{2D99612E-84FE-4D46-AB3C-B6A4C08828E9}.Debug|x64.ActiveCfg = Debug|Any CPU
		{2D99612E-84FE-4D46-AB3C-B6A4C08828E9}.Debug|x64.Build.0 = Debug|Any CPU
		{2D99612E-84FE-4D46-AB3C-B6A4C08828E9}.Debug|x86.ActiveCfg = Debug|Any CPU
		{2D99612E-84FE-4D46-AB3C-B6A4C08828E9}.Debug|x86.Build.0 = Debug|Any CPU
		{2D99612E-84FE-4D46-AB3C-B6A4C08828E9}.Release|Any CPU.ActiveCfg = Release|Any CPU
		{2D99612E-84FE-4D46-AB3C-B6A4C08828E9}.Release|Any CPU.Build.0 = Release|Any CPU
		{2D99612E-84FE-4D46-AB3C-B6A4C08828E9}.Release|ARM.ActiveCfg = Release|Any CPU
		{2D99612E-84FE-4D46-AB3C-B6A4C08828E9}.Release|ARM.Build.0 = Release|Any CPU
		{2D99612E-84FE-4D46-AB3C-B6A4C08828E9}.Release|iPhone.ActiveCfg = Release|Any CPU
		{2D99612E-84FE-4D46-AB3C-B6A4C08828E9}.Release|iPhone.Build.0 = Release|Any CPU
		{2D99612E-84FE-4D46-AB3C-B6A4C08828E9}.Release|iPhoneSimulator.ActiveCfg = Release|Any CPU
		{2D99612E-84FE-4D46-AB3C-B6A4C08828E9}.Release|iPhoneSimulator.Build.0 = Release|Any CPU
		{2D99612E-84FE-4D46-AB3C-B6A4C08828E9}.Release|x64.ActiveCfg = Release|Any CPU
		{2D99612E-84FE-4D46-AB3C-B6A4C08828E9}.Release|x64.Build.0 = Release|Any CPU
		{2D99612E-84FE-4D46-AB3C-B6A4C08828E9}.Release|x86.ActiveCfg = Release|Any CPU
		{2D99612E-84FE-4D46-AB3C-B6A4C08828E9}.Release|x86.Build.0 = Release|Any CPU
		{C6A25E69-CB21-464D-91D0-9C390849C62E}.Ad-Hoc|Any CPU.ActiveCfg = Release|Any CPU
		{C6A25E69-CB21-464D-91D0-9C390849C62E}.Ad-Hoc|Any CPU.Build.0 = Release|Any CPU
		{C6A25E69-CB21-464D-91D0-9C390849C62E}.Ad-Hoc|ARM.ActiveCfg = Release|Any CPU
		{C6A25E69-CB21-464D-91D0-9C390849C62E}.Ad-Hoc|ARM.Build.0 = Release|Any CPU
		{C6A25E69-CB21-464D-91D0-9C390849C62E}.Ad-Hoc|iPhone.ActiveCfg = Release|Any CPU
		{C6A25E69-CB21-464D-91D0-9C390849C62E}.Ad-Hoc|iPhone.Build.0 = Release|Any CPU
		{C6A25E69-CB21-464D-91D0-9C390849C62E}.Ad-Hoc|iPhoneSimulator.ActiveCfg = Release|Any CPU
		{C6A25E69-CB21-464D-91D0-9C390849C62E}.Ad-Hoc|iPhoneSimulator.Build.0 = Release|Any CPU
		{C6A25E69-CB21-464D-91D0-9C390849C62E}.Ad-Hoc|x64.ActiveCfg = Release|Any CPU
		{C6A25E69-CB21-464D-91D0-9C390849C62E}.Ad-Hoc|x64.Build.0 = Release|Any CPU
		{C6A25E69-CB21-464D-91D0-9C390849C62E}.Ad-Hoc|x86.ActiveCfg = Release|Any CPU
		{C6A25E69-CB21-464D-91D0-9C390849C62E}.Ad-Hoc|x86.Build.0 = Release|Any CPU
		{C6A25E69-CB21-464D-91D0-9C390849C62E}.AppStore|Any CPU.ActiveCfg = Release|Any CPU
		{C6A25E69-CB21-464D-91D0-9C390849C62E}.AppStore|Any CPU.Build.0 = Release|Any CPU
		{C6A25E69-CB21-464D-91D0-9C390849C62E}.AppStore|ARM.ActiveCfg = Release|Any CPU
		{C6A25E69-CB21-464D-91D0-9C390849C62E}.AppStore|ARM.Build.0 = Release|Any CPU
		{C6A25E69-CB21-464D-91D0-9C390849C62E}.AppStore|iPhone.ActiveCfg = Release|Any CPU
		{C6A25E69-CB21-464D-91D0-9C390849C62E}.AppStore|iPhone.Build.0 = Release|Any CPU
		{C6A25E69-CB21-464D-91D0-9C390849C62E}.AppStore|iPhoneSimulator.ActiveCfg = Release|Any CPU
		{C6A25E69-CB21-464D-91D0-9C390849C62E}.AppStore|iPhoneSimulator.Build.0 = Release|Any CPU
		{C6A25E69-CB21-464D-91D0-9C390849C62E}.AppStore|x64.ActiveCfg = Release|Any CPU
		{C6A25E69-CB21-464D-91D0-9C390849C62E}.AppStore|x64.Build.0 = Release|Any CPU
		{C6A25E69-CB21-464D-91D0-9C390849C62E}.AppStore|x86.ActiveCfg = Release|Any CPU
		{C6A25E69-CB21-464D-91D0-9C390849C62E}.AppStore|x86.Build.0 = Release|Any CPU
		{C6A25E69-CB21-464D-91D0-9C390849C62E}.Debug|Any CPU.ActiveCfg = Debug|Any CPU
		{C6A25E69-CB21-464D-91D0-9C390849C62E}.Debug|Any CPU.Build.0 = Debug|Any CPU
		{C6A25E69-CB21-464D-91D0-9C390849C62E}.Debug|ARM.ActiveCfg = Debug|Any CPU
		{C6A25E69-CB21-464D-91D0-9C390849C62E}.Debug|ARM.Build.0 = Debug|Any CPU
		{C6A25E69-CB21-464D-91D0-9C390849C62E}.Debug|iPhone.ActiveCfg = Debug|Any CPU
		{C6A25E69-CB21-464D-91D0-9C390849C62E}.Debug|iPhone.Build.0 = Debug|Any CPU
		{C6A25E69-CB21-464D-91D0-9C390849C62E}.Debug|iPhoneSimulator.ActiveCfg = Debug|Any CPU
		{C6A25E69-CB21-464D-91D0-9C390849C62E}.Debug|iPhoneSimulator.Build.0 = Debug|Any CPU
		{C6A25E69-CB21-464D-91D0-9C390849C62E}.Debug|x64.ActiveCfg = Debug|Any CPU
		{C6A25E69-CB21-464D-91D0-9C390849C62E}.Debug|x64.Build.0 = Debug|Any CPU
		{C6A25E69-CB21-464D-91D0-9C390849C62E}.Debug|x86.ActiveCfg = Debug|Any CPU
		{C6A25E69-CB21-464D-91D0-9C390849C62E}.Debug|x86.Build.0 = Debug|Any CPU
		{C6A25E69-CB21-464D-91D0-9C390849C62E}.Release|Any CPU.ActiveCfg = Release|Any CPU
		{C6A25E69-CB21-464D-91D0-9C390849C62E}.Release|Any CPU.Build.0 = Release|Any CPU
		{C6A25E69-CB21-464D-91D0-9C390849C62E}.Release|ARM.ActiveCfg = Release|Any CPU
		{C6A25E69-CB21-464D-91D0-9C390849C62E}.Release|ARM.Build.0 = Release|Any CPU
		{C6A25E69-CB21-464D-91D0-9C390849C62E}.Release|iPhone.ActiveCfg = Release|Any CPU
		{C6A25E69-CB21-464D-91D0-9C390849C62E}.Release|iPhone.Build.0 = Release|Any CPU
		{C6A25E69-CB21-464D-91D0-9C390849C62E}.Release|iPhoneSimulator.ActiveCfg = Release|Any CPU
		{C6A25E69-CB21-464D-91D0-9C390849C62E}.Release|iPhoneSimulator.Build.0 = Release|Any CPU
		{C6A25E69-CB21-464D-91D0-9C390849C62E}.Release|x64.ActiveCfg = Release|Any CPU
		{C6A25E69-CB21-464D-91D0-9C390849C62E}.Release|x64.Build.0 = Release|Any CPU
		{C6A25E69-CB21-464D-91D0-9C390849C62E}.Release|x86.ActiveCfg = Release|Any CPU
		{C6A25E69-CB21-464D-91D0-9C390849C62E}.Release|x86.Build.0 = Release|Any CPU
		{7764E567-47B8-481C-A078-7B3E427F217E}.Ad-Hoc|Any CPU.ActiveCfg = Release|Any CPU
		{7764E567-47B8-481C-A078-7B3E427F217E}.Ad-Hoc|Any CPU.Build.0 = Release|Any CPU
		{7764E567-47B8-481C-A078-7B3E427F217E}.Ad-Hoc|ARM.ActiveCfg = Release|Any CPU
		{7764E567-47B8-481C-A078-7B3E427F217E}.Ad-Hoc|ARM.Build.0 = Release|Any CPU
		{7764E567-47B8-481C-A078-7B3E427F217E}.Ad-Hoc|iPhone.ActiveCfg = Release|Any CPU
		{7764E567-47B8-481C-A078-7B3E427F217E}.Ad-Hoc|iPhone.Build.0 = Release|Any CPU
		{7764E567-47B8-481C-A078-7B3E427F217E}.Ad-Hoc|iPhoneSimulator.ActiveCfg = Release|Any CPU
		{7764E567-47B8-481C-A078-7B3E427F217E}.Ad-Hoc|iPhoneSimulator.Build.0 = Release|Any CPU
		{7764E567-47B8-481C-A078-7B3E427F217E}.Ad-Hoc|x64.ActiveCfg = Release|Any CPU
		{7764E567-47B8-481C-A078-7B3E427F217E}.Ad-Hoc|x64.Build.0 = Release|Any CPU
		{7764E567-47B8-481C-A078-7B3E427F217E}.Ad-Hoc|x86.ActiveCfg = Release|Any CPU
		{7764E567-47B8-481C-A078-7B3E427F217E}.Ad-Hoc|x86.Build.0 = Release|Any CPU
		{7764E567-47B8-481C-A078-7B3E427F217E}.AppStore|Any CPU.ActiveCfg = Release|Any CPU
		{7764E567-47B8-481C-A078-7B3E427F217E}.AppStore|Any CPU.Build.0 = Release|Any CPU
		{7764E567-47B8-481C-A078-7B3E427F217E}.AppStore|ARM.ActiveCfg = Release|Any CPU
		{7764E567-47B8-481C-A078-7B3E427F217E}.AppStore|ARM.Build.0 = Release|Any CPU
		{7764E567-47B8-481C-A078-7B3E427F217E}.AppStore|iPhone.ActiveCfg = Release|Any CPU
		{7764E567-47B8-481C-A078-7B3E427F217E}.AppStore|iPhone.Build.0 = Release|Any CPU
		{7764E567-47B8-481C-A078-7B3E427F217E}.AppStore|iPhoneSimulator.ActiveCfg = Release|Any CPU
		{7764E567-47B8-481C-A078-7B3E427F217E}.AppStore|iPhoneSimulator.Build.0 = Release|Any CPU
		{7764E567-47B8-481C-A078-7B3E427F217E}.AppStore|x64.ActiveCfg = Release|Any CPU
		{7764E567-47B8-481C-A078-7B3E427F217E}.AppStore|x64.Build.0 = Release|Any CPU
		{7764E567-47B8-481C-A078-7B3E427F217E}.AppStore|x86.ActiveCfg = Release|Any CPU
		{7764E567-47B8-481C-A078-7B3E427F217E}.AppStore|x86.Build.0 = Release|Any CPU
		{7764E567-47B8-481C-A078-7B3E427F217E}.Debug|Any CPU.ActiveCfg = Debug|Any CPU
		{7764E567-47B8-481C-A078-7B3E427F217E}.Debug|Any CPU.Build.0 = Debug|Any CPU
		{7764E567-47B8-481C-A078-7B3E427F217E}.Debug|ARM.ActiveCfg = Debug|Any CPU
		{7764E567-47B8-481C-A078-7B3E427F217E}.Debug|ARM.Build.0 = Debug|Any CPU
		{7764E567-47B8-481C-A078-7B3E427F217E}.Debug|iPhone.ActiveCfg = Debug|Any CPU
		{7764E567-47B8-481C-A078-7B3E427F217E}.Debug|iPhone.Build.0 = Debug|Any CPU
		{7764E567-47B8-481C-A078-7B3E427F217E}.Debug|iPhoneSimulator.ActiveCfg = Debug|Any CPU
		{7764E567-47B8-481C-A078-7B3E427F217E}.Debug|iPhoneSimulator.Build.0 = Debug|Any CPU
		{7764E567-47B8-481C-A078-7B3E427F217E}.Debug|x64.ActiveCfg = Debug|Any CPU
		{7764E567-47B8-481C-A078-7B3E427F217E}.Debug|x64.Build.0 = Debug|Any CPU
		{7764E567-47B8-481C-A078-7B3E427F217E}.Debug|x86.ActiveCfg = Debug|Any CPU
		{7764E567-47B8-481C-A078-7B3E427F217E}.Debug|x86.Build.0 = Debug|Any CPU
		{7764E567-47B8-481C-A078-7B3E427F217E}.Release|Any CPU.ActiveCfg = Release|Any CPU
		{7764E567-47B8-481C-A078-7B3E427F217E}.Release|Any CPU.Build.0 = Release|Any CPU
		{7764E567-47B8-481C-A078-7B3E427F217E}.Release|ARM.ActiveCfg = Release|Any CPU
		{7764E567-47B8-481C-A078-7B3E427F217E}.Release|ARM.Build.0 = Release|Any CPU
		{7764E567-47B8-481C-A078-7B3E427F217E}.Release|iPhone.ActiveCfg = Release|Any CPU
		{7764E567-47B8-481C-A078-7B3E427F217E}.Release|iPhone.Build.0 = Release|Any CPU
		{7764E567-47B8-481C-A078-7B3E427F217E}.Release|iPhoneSimulator.ActiveCfg = Release|Any CPU
		{7764E567-47B8-481C-A078-7B3E427F217E}.Release|iPhoneSimulator.Build.0 = Release|Any CPU
		{7764E567-47B8-481C-A078-7B3E427F217E}.Release|x64.ActiveCfg = Release|Any CPU
		{7764E567-47B8-481C-A078-7B3E427F217E}.Release|x64.Build.0 = Release|Any CPU
		{7764E567-47B8-481C-A078-7B3E427F217E}.Release|x86.ActiveCfg = Release|Any CPU
		{7764E567-47B8-481C-A078-7B3E427F217E}.Release|x86.Build.0 = Release|Any CPU
		{512E5291-4A27-46AE-8AFC-9D04CCE0E63C}.Ad-Hoc|Any CPU.ActiveCfg = Release|Any CPU
		{512E5291-4A27-46AE-8AFC-9D04CCE0E63C}.Ad-Hoc|Any CPU.Build.0 = Release|Any CPU
		{512E5291-4A27-46AE-8AFC-9D04CCE0E63C}.Ad-Hoc|ARM.ActiveCfg = Release|Any CPU
		{512E5291-4A27-46AE-8AFC-9D04CCE0E63C}.Ad-Hoc|ARM.Build.0 = Release|Any CPU
		{512E5291-4A27-46AE-8AFC-9D04CCE0E63C}.Ad-Hoc|iPhone.ActiveCfg = Release|Any CPU
		{512E5291-4A27-46AE-8AFC-9D04CCE0E63C}.Ad-Hoc|iPhone.Build.0 = Release|Any CPU
		{512E5291-4A27-46AE-8AFC-9D04CCE0E63C}.Ad-Hoc|iPhoneSimulator.ActiveCfg = Release|Any CPU
		{512E5291-4A27-46AE-8AFC-9D04CCE0E63C}.Ad-Hoc|iPhoneSimulator.Build.0 = Release|Any CPU
		{512E5291-4A27-46AE-8AFC-9D04CCE0E63C}.Ad-Hoc|x64.ActiveCfg = Release|Any CPU
		{512E5291-4A27-46AE-8AFC-9D04CCE0E63C}.Ad-Hoc|x64.Build.0 = Release|Any CPU
		{512E5291-4A27-46AE-8AFC-9D04CCE0E63C}.Ad-Hoc|x86.ActiveCfg = Release|Any CPU
		{512E5291-4A27-46AE-8AFC-9D04CCE0E63C}.Ad-Hoc|x86.Build.0 = Release|Any CPU
		{512E5291-4A27-46AE-8AFC-9D04CCE0E63C}.AppStore|Any CPU.ActiveCfg = Release|Any CPU
		{512E5291-4A27-46AE-8AFC-9D04CCE0E63C}.AppStore|Any CPU.Build.0 = Release|Any CPU
		{512E5291-4A27-46AE-8AFC-9D04CCE0E63C}.AppStore|ARM.ActiveCfg = Release|Any CPU
		{512E5291-4A27-46AE-8AFC-9D04CCE0E63C}.AppStore|ARM.Build.0 = Release|Any CPU
		{512E5291-4A27-46AE-8AFC-9D04CCE0E63C}.AppStore|iPhone.ActiveCfg = Release|Any CPU
		{512E5291-4A27-46AE-8AFC-9D04CCE0E63C}.AppStore|iPhone.Build.0 = Release|Any CPU
		{512E5291-4A27-46AE-8AFC-9D04CCE0E63C}.AppStore|iPhoneSimulator.ActiveCfg = Release|Any CPU
		{512E5291-4A27-46AE-8AFC-9D04CCE0E63C}.AppStore|iPhoneSimulator.Build.0 = Release|Any CPU
		{512E5291-4A27-46AE-8AFC-9D04CCE0E63C}.AppStore|x64.ActiveCfg = Release|Any CPU
		{512E5291-4A27-46AE-8AFC-9D04CCE0E63C}.AppStore|x64.Build.0 = Release|Any CPU
		{512E5291-4A27-46AE-8AFC-9D04CCE0E63C}.AppStore|x86.ActiveCfg = Release|Any CPU
		{512E5291-4A27-46AE-8AFC-9D04CCE0E63C}.AppStore|x86.Build.0 = Release|Any CPU
		{512E5291-4A27-46AE-8AFC-9D04CCE0E63C}.Debug|Any CPU.ActiveCfg = Debug|Any CPU
		{512E5291-4A27-46AE-8AFC-9D04CCE0E63C}.Debug|Any CPU.Build.0 = Debug|Any CPU
		{512E5291-4A27-46AE-8AFC-9D04CCE0E63C}.Debug|ARM.ActiveCfg = Debug|Any CPU
		{512E5291-4A27-46AE-8AFC-9D04CCE0E63C}.Debug|ARM.Build.0 = Debug|Any CPU
		{512E5291-4A27-46AE-8AFC-9D04CCE0E63C}.Debug|iPhone.ActiveCfg = Debug|Any CPU
		{512E5291-4A27-46AE-8AFC-9D04CCE0E63C}.Debug|iPhone.Build.0 = Debug|Any CPU
		{512E5291-4A27-46AE-8AFC-9D04CCE0E63C}.Debug|iPhoneSimulator.ActiveCfg = Debug|Any CPU
		{512E5291-4A27-46AE-8AFC-9D04CCE0E63C}.Debug|iPhoneSimulator.Build.0 = Debug|Any CPU
		{512E5291-4A27-46AE-8AFC-9D04CCE0E63C}.Debug|x64.ActiveCfg = Debug|Any CPU
		{512E5291-4A27-46AE-8AFC-9D04CCE0E63C}.Debug|x64.Build.0 = Debug|Any CPU
		{512E5291-4A27-46AE-8AFC-9D04CCE0E63C}.Debug|x86.ActiveCfg = Debug|Any CPU
		{512E5291-4A27-46AE-8AFC-9D04CCE0E63C}.Debug|x86.Build.0 = Debug|Any CPU
		{512E5291-4A27-46AE-8AFC-9D04CCE0E63C}.Release|Any CPU.ActiveCfg = Release|Any CPU
		{512E5291-4A27-46AE-8AFC-9D04CCE0E63C}.Release|Any CPU.Build.0 = Release|Any CPU
		{512E5291-4A27-46AE-8AFC-9D04CCE0E63C}.Release|ARM.ActiveCfg = Release|Any CPU
		{512E5291-4A27-46AE-8AFC-9D04CCE0E63C}.Release|ARM.Build.0 = Release|Any CPU
		{512E5291-4A27-46AE-8AFC-9D04CCE0E63C}.Release|iPhone.ActiveCfg = Release|Any CPU
		{512E5291-4A27-46AE-8AFC-9D04CCE0E63C}.Release|iPhone.Build.0 = Release|Any CPU
		{512E5291-4A27-46AE-8AFC-9D04CCE0E63C}.Release|iPhoneSimulator.ActiveCfg = Release|Any CPU
		{512E5291-4A27-46AE-8AFC-9D04CCE0E63C}.Release|iPhoneSimulator.Build.0 = Release|Any CPU
		{512E5291-4A27-46AE-8AFC-9D04CCE0E63C}.Release|x64.ActiveCfg = Release|Any CPU
		{512E5291-4A27-46AE-8AFC-9D04CCE0E63C}.Release|x64.Build.0 = Release|Any CPU
		{512E5291-4A27-46AE-8AFC-9D04CCE0E63C}.Release|x86.ActiveCfg = Release|Any CPU
		{512E5291-4A27-46AE-8AFC-9D04CCE0E63C}.Release|x86.Build.0 = Release|Any CPU
		{E4040D73-6D3B-4B0C-B12A-E5BCB64114F8}.Ad-Hoc|Any CPU.ActiveCfg = Release|Any CPU
		{E4040D73-6D3B-4B0C-B12A-E5BCB64114F8}.Ad-Hoc|Any CPU.Build.0 = Release|Any CPU
		{E4040D73-6D3B-4B0C-B12A-E5BCB64114F8}.Ad-Hoc|ARM.ActiveCfg = Release|Any CPU
		{E4040D73-6D3B-4B0C-B12A-E5BCB64114F8}.Ad-Hoc|ARM.Build.0 = Release|Any CPU
		{E4040D73-6D3B-4B0C-B12A-E5BCB64114F8}.Ad-Hoc|iPhone.ActiveCfg = Release|Any CPU
		{E4040D73-6D3B-4B0C-B12A-E5BCB64114F8}.Ad-Hoc|iPhone.Build.0 = Release|Any CPU
		{E4040D73-6D3B-4B0C-B12A-E5BCB64114F8}.Ad-Hoc|iPhoneSimulator.ActiveCfg = Release|Any CPU
		{E4040D73-6D3B-4B0C-B12A-E5BCB64114F8}.Ad-Hoc|iPhoneSimulator.Build.0 = Release|Any CPU
		{E4040D73-6D3B-4B0C-B12A-E5BCB64114F8}.Ad-Hoc|x64.ActiveCfg = Release|Any CPU
		{E4040D73-6D3B-4B0C-B12A-E5BCB64114F8}.Ad-Hoc|x64.Build.0 = Release|Any CPU
		{E4040D73-6D3B-4B0C-B12A-E5BCB64114F8}.Ad-Hoc|x86.ActiveCfg = Release|Any CPU
		{E4040D73-6D3B-4B0C-B12A-E5BCB64114F8}.Ad-Hoc|x86.Build.0 = Release|Any CPU
		{E4040D73-6D3B-4B0C-B12A-E5BCB64114F8}.AppStore|Any CPU.ActiveCfg = Release|Any CPU
		{E4040D73-6D3B-4B0C-B12A-E5BCB64114F8}.AppStore|Any CPU.Build.0 = Release|Any CPU
		{E4040D73-6D3B-4B0C-B12A-E5BCB64114F8}.AppStore|ARM.ActiveCfg = Release|Any CPU
		{E4040D73-6D3B-4B0C-B12A-E5BCB64114F8}.AppStore|ARM.Build.0 = Release|Any CPU
		{E4040D73-6D3B-4B0C-B12A-E5BCB64114F8}.AppStore|iPhone.ActiveCfg = Release|Any CPU
		{E4040D73-6D3B-4B0C-B12A-E5BCB64114F8}.AppStore|iPhone.Build.0 = Release|Any CPU
		{E4040D73-6D3B-4B0C-B12A-E5BCB64114F8}.AppStore|iPhoneSimulator.ActiveCfg = Release|Any CPU
		{E4040D73-6D3B-4B0C-B12A-E5BCB64114F8}.AppStore|iPhoneSimulator.Build.0 = Release|Any CPU
		{E4040D73-6D3B-4B0C-B12A-E5BCB64114F8}.AppStore|x64.ActiveCfg = Release|Any CPU
		{E4040D73-6D3B-4B0C-B12A-E5BCB64114F8}.AppStore|x64.Build.0 = Release|Any CPU
		{E4040D73-6D3B-4B0C-B12A-E5BCB64114F8}.AppStore|x86.ActiveCfg = Release|Any CPU
		{E4040D73-6D3B-4B0C-B12A-E5BCB64114F8}.AppStore|x86.Build.0 = Release|Any CPU
		{E4040D73-6D3B-4B0C-B12A-E5BCB64114F8}.Debug|Any CPU.ActiveCfg = Debug|Any CPU
		{E4040D73-6D3B-4B0C-B12A-E5BCB64114F8}.Debug|Any CPU.Build.0 = Debug|Any CPU
		{E4040D73-6D3B-4B0C-B12A-E5BCB64114F8}.Debug|ARM.ActiveCfg = Debug|Any CPU
		{E4040D73-6D3B-4B0C-B12A-E5BCB64114F8}.Debug|ARM.Build.0 = Debug|Any CPU
		{E4040D73-6D3B-4B0C-B12A-E5BCB64114F8}.Debug|iPhone.ActiveCfg = Debug|Any CPU
		{E4040D73-6D3B-4B0C-B12A-E5BCB64114F8}.Debug|iPhone.Build.0 = Debug|Any CPU
		{E4040D73-6D3B-4B0C-B12A-E5BCB64114F8}.Debug|iPhoneSimulator.ActiveCfg = Debug|Any CPU
		{E4040D73-6D3B-4B0C-B12A-E5BCB64114F8}.Debug|iPhoneSimulator.Build.0 = Debug|Any CPU
		{E4040D73-6D3B-4B0C-B12A-E5BCB64114F8}.Debug|x64.ActiveCfg = Debug|Any CPU
		{E4040D73-6D3B-4B0C-B12A-E5BCB64114F8}.Debug|x64.Build.0 = Debug|Any CPU
		{E4040D73-6D3B-4B0C-B12A-E5BCB64114F8}.Debug|x86.ActiveCfg = Debug|Any CPU
		{E4040D73-6D3B-4B0C-B12A-E5BCB64114F8}.Debug|x86.Build.0 = Debug|Any CPU
		{E4040D73-6D3B-4B0C-B12A-E5BCB64114F8}.Release|Any CPU.ActiveCfg = Release|Any CPU
		{E4040D73-6D3B-4B0C-B12A-E5BCB64114F8}.Release|Any CPU.Build.0 = Release|Any CPU
		{E4040D73-6D3B-4B0C-B12A-E5BCB64114F8}.Release|ARM.ActiveCfg = Release|Any CPU
		{E4040D73-6D3B-4B0C-B12A-E5BCB64114F8}.Release|ARM.Build.0 = Release|Any CPU
		{E4040D73-6D3B-4B0C-B12A-E5BCB64114F8}.Release|iPhone.ActiveCfg = Release|Any CPU
		{E4040D73-6D3B-4B0C-B12A-E5BCB64114F8}.Release|iPhone.Build.0 = Release|Any CPU
		{E4040D73-6D3B-4B0C-B12A-E5BCB64114F8}.Release|iPhoneSimulator.ActiveCfg = Release|Any CPU
		{E4040D73-6D3B-4B0C-B12A-E5BCB64114F8}.Release|iPhoneSimulator.Build.0 = Release|Any CPU
		{E4040D73-6D3B-4B0C-B12A-E5BCB64114F8}.Release|x64.ActiveCfg = Release|Any CPU
		{E4040D73-6D3B-4B0C-B12A-E5BCB64114F8}.Release|x64.Build.0 = Release|Any CPU
		{E4040D73-6D3B-4B0C-B12A-E5BCB64114F8}.Release|x86.ActiveCfg = Release|Any CPU
		{E4040D73-6D3B-4B0C-B12A-E5BCB64114F8}.Release|x86.Build.0 = Release|Any CPU
	EndGlobalSection
	GlobalSection(SolutionProperties) = preSolution
		HideSolutionNode = FALSE
	EndGlobalSection
	GlobalSection(NestedProjects) = preSolution
		{E72E7605-B499-4078-ACD9-13BD6B052321} = {4B9DEF95-A336-404B-908D-E1BFA1DB2DA9}
		{C08CA036-D47D-40CF-83E3-F09EF5EC7515} = {EEF9F276-23FB-4CC2-AF47-0E646EB2F6F1}
		{3526B5DB-8E08-445F-9DCE-65566491D94F} = {4B9DEF95-A336-404B-908D-E1BFA1DB2DA9}
		{3D106928-3A8E-4EB1-9F9A-45856DBAA16B} = {EEF9F276-23FB-4CC2-AF47-0E646EB2F6F1}
		{A8CA48FA-A725-412D-9EC4-1BA7BA7177B2} = {EEF9F276-23FB-4CC2-AF47-0E646EB2F6F1}
		{7764E567-47B8-481C-A078-7B3E427F217E} = {EEF9F276-23FB-4CC2-AF47-0E646EB2F6F1}
		{512E5291-4A27-46AE-8AFC-9D04CCE0E63C} = {EEF9F276-23FB-4CC2-AF47-0E646EB2F6F1}
		{E4040D73-6D3B-4B0C-B12A-E5BCB64114F8} = {4B9DEF95-A336-404B-908D-E1BFA1DB2DA9}
	EndGlobalSection
	GlobalSection(ExtensibilityGlobals) = postSolution
		SolutionGuid = {034BDA2C-1CEE-4128-B444-CE1D425CB11C}
	EndGlobalSection
EndGlobal
